
Microsoft Visual Studio Solution File, Format Version 12.00
Project("{FAE04EC0-301F-11D3-BF4B-00C04F79EFBC}") = "MEMOJET", "MEMOJET\MEMOJET.csproj", "{BC718EC7-FE33-479A-8297-8DD29F9FEA55}"
EndProject
Global
	GlobalSection(SolutionConfigurationPlatforms) = preSolution
		Debug|Any CPU = Debug|Any CPU
		Release|Any CPU = Release|Any CPU
	EndGlobalSection
	GlobalSection(ProjectConfigurationPlatforms) = postSolution
		{BC718EC7-FE33-479A-8297-8DD29F9FEA55}.Debug|Any CPU.ActiveCfg = Debug|Any CPU
		{BC718EC7-FE33-479A-8297-8DD29F9FEA55}.Debug|Any CPU.Build.0 = Debug|Any CPU
		{BC718EC7-FE33-479A-8297-8DD29F9FEA55}.Release|Any CPU.ActiveCfg = Release|Any CPU
		{BC718EC7-FE33-479A-8297-8DD29F9FEA55}.Release|Any CPU.Build.0 = Release|Any CPU
	EndGlobalSection
EndGlobal
